// !$*UTF8*$!
{
	archiveVersion = 1;
	classes = {
	};
	objectVersion = 50;
	objects = {

/* Begin PBXBuildFile section */
		2B40972521DC96F100352D78 /* AppDelegate.swift in Sources */ = {isa = PBXBuildFile; fileRef = 2B40972421DC96F100352D78 /* AppDelegate.swift */; };
		2B40972A21DC96F100352D78 /* Main.storyboard in Resources */ = {isa = PBXBuildFile; fileRef = 2B40972821DC96F100352D78 /* Main.storyboard */; };
		2B40972C21DC96F300352D78 /* Assets.xcassets in Resources */ = {isa = PBXBuildFile; fileRef = 2B40972B21DC96F300352D78 /* Assets.xcassets */; };
		2B40972F21DC96F300352D78 /* LaunchScreen.storyboard in Resources */ = {isa = PBXBuildFile; fileRef = 2B40972D21DC96F300352D78 /* LaunchScreen.storyboard */; };
		2B40973821DC983A00352D78 /* GradientView.swift in Sources */ = {isa = PBXBuildFile; fileRef = 2B40973721DC983900352D78 /* GradientView.swift */; };
		2B40974021DC9CCE00352D78 /* LoginViewController.swift in Sources */ = {isa = PBXBuildFile; fileRef = 2B40973F21DC9CCE00352D78 /* LoginViewController.swift */; };
		2B40974221DC9D1800352D78 /* BaseViewController.swift in Sources */ = {isa = PBXBuildFile; fileRef = 2B40974121DC9D1800352D78 /* BaseViewController.swift */; };
		4C1F4D5FE1D7BB16874B51D0 /* Pods_CommonPod_DemoApp.framework in Frameworks */ = {isa = PBXBuildFile; fileRef = CC03C2EC308F9E451CFDE0E8 /* Pods_CommonPod_DemoApp.framework */; };
/* End PBXBuildFile section */

/* Begin PBXFileReference section */
		2B40972121DC96F100352D78 /* DemoApp.app */ = {isa = PBXFileReference; explicitFileType = wrapper.application; includeInIndex = 0; path = DemoApp.app; sourceTree = BUILT_PRODUCTS_DIR; };
		2B40972421DC96F100352D78 /* AppDelegate.swift */ = {isa = PBXFileReference; lastKnownFileType = sourcecode.swift; path = AppDelegate.swift; sourceTree = "<group>"; };
		2B40972921DC96F100352D78 /* Base */ = {isa = PBXFileReference; lastKnownFileType = file.storyboard; name = Base; path = Base.lproj/Main.storyboard; sourceTree = "<group>"; };
		2B40972B21DC96F300352D78 /* Assets.xcassets */ = {isa = PBXFileReference; lastKnownFileType = folder.assetcatalog; path = Assets.xcassets; sourceTree = "<group>"; };
		2B40972E21DC96F300352D78 /* Base */ = {isa = PBXFileReference; lastKnownFileType = file.storyboard; name = Base; path = Base.lproj/LaunchScreen.storyboard; sourceTree = "<group>"; };
		2B40973021DC96F300352D78 /* Info.plist */ = {isa = PBXFileReference; lastKnownFileType = text.plist.xml; path = Info.plist; sourceTree = "<group>"; };
		2B40973721DC983900352D78 /* GradientView.swift */ = {isa = PBXFileReference; fileEncoding = 4; lastKnownFileType = sourcecode.swift; path = GradientView.swift; sourceTree = "<group>"; };
		2B40973E21DC98BF00352D78 /* README.md */ = {isa = PBXFileReference; lastKnownFileType = net.daringfireball.markdown; path = README.md; sourceTree = "<group>"; };
		2B40973F21DC9CCE00352D78 /* LoginViewController.swift */ = {isa = PBXFileReference; fileEncoding = 4; lastKnownFileType = sourcecode.swift; path = LoginViewController.swift; sourceTree = "<group>"; };
		2B40974121DC9D1800352D78 /* BaseViewController.swift */ = {isa = PBXFileReference; lastKnownFileType = sourcecode.swift; path = BaseViewController.swift; sourceTree = "<group>"; };
		A7F523E7A21876C75465BC10 /* Pods-CommonPod-DemoApp.debug.xcconfig */ = {isa = PBXFileReference; includeInIndex = 1; lastKnownFileType = text.xcconfig; name = "Pods-CommonPod-DemoApp.debug.xcconfig"; path = "Pods/Target Support Files/Pods-CommonPod-DemoApp/Pods-CommonPod-DemoApp.debug.xcconfig"; sourceTree = "<group>"; };
		AB8E9BEDB154CFC8FB88AFFC /* Pods-CommonPod-DemoApp.release.xcconfig */ = {isa = PBXFileReference; includeInIndex = 1; lastKnownFileType = text.xcconfig; name = "Pods-CommonPod-DemoApp.release.xcconfig"; path = "Pods/Target Support Files/Pods-CommonPod-DemoApp/Pods-CommonPod-DemoApp.release.xcconfig"; sourceTree = "<group>"; };
		CC03C2EC308F9E451CFDE0E8 /* Pods_CommonPod_DemoApp.framework */ = {isa = PBXFileReference; explicitFileType = wrapper.framework; includeInIndex = 0; path = Pods_CommonPod_DemoApp.framework; sourceTree = BUILT_PRODUCTS_DIR; };
/* End PBXFileReference section */

/* Begin PBXFrameworksBuildPhase section */
		2B40971E21DC96F100352D78 /* Frameworks */ = {
			isa = PBXFrameworksBuildPhase;
			buildActionMask = 2147483647;
			files = (
				4C1F4D5FE1D7BB16874B51D0 /* Pods_CommonPod_DemoApp.framework in Frameworks */,
			);
			runOnlyForDeploymentPostprocessing = 0;
		};
/* End PBXFrameworksBuildPhase section */

/* Begin PBXGroup section */
		2B40971821DC96F100352D78 = {
			isa = PBXGroup;
			children = (
				2B40973E21DC98BF00352D78 /* README.md */,
				2B40972321DC96F100352D78 /* DemoApp */,
				2B40972221DC96F100352D78 /* Products */,
				CCD3E71A582453433B28B4BE /* Pods */,
				42F3AF16DDCEC19B8357968C /* Frameworks */,
			);
			sourceTree = "<group>";
		};
		2B40972221DC96F100352D78 /* Products */ = {
			isa = PBXGroup;
			children = (
				2B40972121DC96F100352D78 /* DemoApp.app */,
			);
			name = Products;
			sourceTree = "<group>";
		};
		2B40972321DC96F100352D78 /* DemoApp */ = {
			isa = PBXGroup;
			children = (
				2B40974421DC9D4D00352D78 /* Utilities */,
				2B40974321DC9D3600352D78 /* Extensions */,
				2B40973D21DC988F00352D78 /* Resources */,
				2B40973C21DC986E00352D78 /* Controller */,
				2B40973B21DC986500352D78 /* Model */,
				2B40973A21DC985900352D78 /* ViewModel */,
				2B40973921DC984100352D78 /* ThirdPartyCode */,
				2B40972421DC96F100352D78 /* AppDelegate.swift */,
				2B40972821DC96F100352D78 /* Main.storyboard */,
				2B40972B21DC96F300352D78 /* Assets.xcassets */,
				2B40972D21DC96F300352D78 /* LaunchScreen.storyboard */,
				2B40973021DC96F300352D78 /* Info.plist */,
			);
			path = DemoApp;
			sourceTree = "<group>";
		};
		2B40973921DC984100352D78 /* ThirdPartyCode */ = {
			isa = PBXGroup;
			children = (
				2B40973721DC983900352D78 /* GradientView.swift */,
			);
			path = ThirdPartyCode;
			sourceTree = "<group>";
		};
		2B40973A21DC985900352D78 /* ViewModel */ = {
			isa = PBXGroup;
			children = (
			);
			path = ViewModel;
			sourceTree = "<group>";
		};
		2B40973B21DC986500352D78 /* Model */ = {
			isa = PBXGroup;
			children = (
			);
			path = Model;
			sourceTree = "<group>";
		};
		2B40973C21DC986E00352D78 /* Controller */ = {
			isa = PBXGroup;
			children = (
				2B40974121DC9D1800352D78 /* BaseViewController.swift */,
				2B40973F21DC9CCE00352D78 /* LoginViewController.swift */,
			);
			path = Controller;
			sourceTree = "<group>";
		};
		2B40973D21DC988F00352D78 /* Resources */ = {
			isa = PBXGroup;
			children = (
			);
			path = Resources;
			sourceTree = "<group>";
		};
		2B40974321DC9D3600352D78 /* Extensions */ = {
			isa = PBXGroup;
			children = (
			);
			path = Extensions;
			sourceTree = "<group>";
		};
		2B40974421DC9D4D00352D78 /* Utilities */ = {
			isa = PBXGroup;
			children = (
			);
			path = Utilities;
			sourceTree = "<group>";
		};
		42F3AF16DDCEC19B8357968C /* Frameworks */ = {
			isa = PBXGroup;
			children = (
				CC03C2EC308F9E451CFDE0E8 /* Pods_CommonPod_DemoApp.framework */,
			);
			name = Frameworks;
			sourceTree = "<group>";
		};
		CCD3E71A582453433B28B4BE /* Pods */ = {
			isa = PBXGroup;
			children = (
				A7F523E7A21876C75465BC10 /* Pods-CommonPod-DemoApp.debug.xcconfig */,
				AB8E9BEDB154CFC8FB88AFFC /* Pods-CommonPod-DemoApp.release.xcconfig */,
			);
			name = Pods;
			sourceTree = "<group>";
		};
/* End PBXGroup section */

/* Begin PBXNativeTarget section */
		2B40972021DC96F100352D78 /* DemoApp */ = {
			isa = PBXNativeTarget;
			buildConfigurationList = 2B40973321DC96F400352D78 /* Build configuration list for PBXNativeTarget "DemoApp" */;
			buildPhases = (
				FE9B90159D35C24347753052 /* [CP] Check Pods Manifest.lock */,
				2B40971D21DC96F100352D78 /* Sources */,
				2B40971E21DC96F100352D78 /* Frameworks */,
				2B40971F21DC96F100352D78 /* Resources */,
				07879A66EF55D4D782DA3541 /* [CP] Embed Pods Frameworks */,
			);
			buildRules = (
			);
			dependencies = (
			);
			name = DemoApp;
			productName = DemoApp;
			productReference = 2B40972121DC96F100352D78 /* DemoApp.app */;
			productType = "com.apple.product-type.application";
		};
/* End PBXNativeTarget section */

/* Begin PBXProject section */
		2B40971921DC96F100352D78 /* Project object */ = {
			isa = PBXProject;
			attributes = {
				LastSwiftUpdateCheck = 1000;
				LastUpgradeCheck = 1000;
				ORGANIZATIONNAME = "ProMobi Technologies";
				TargetAttributes = {
					2B40972021DC96F100352D78 = {
						CreatedOnToolsVersion = 10.0;
					};
				};
			};
			buildConfigurationList = 2B40971C21DC96F100352D78 /* Build configuration list for PBXProject "DemoApp" */;
			compatibilityVersion = "Xcode 9.3";
			developmentRegion = en;
			hasScannedForEncodings = 0;
			knownRegions = (
				en,
				Base,
			);
			mainGroup = 2B40971821DC96F100352D78;
			productRefGroup = 2B40972221DC96F100352D78 /* Products */;
			projectDirPath = "";
			projectRoot = "";
			targets = (
				2B40972021DC96F100352D78 /* DemoApp */,
			);
		};
/* End PBXProject section */

/* Begin PBXResourcesBuildPhase section */
		2B40971F21DC96F100352D78 /* Resources */ = {
			isa = PBXResourcesBuildPhase;
			buildActionMask = 2147483647;
			files = (
				2B40972F21DC96F300352D78 /* LaunchScreen.storyboard in Resources */,
				2B40972C21DC96F300352D78 /* Assets.xcassets in Resources */,
				2B40972A21DC96F100352D78 /* Main.storyboard in Resources */,
			);
			runOnlyForDeploymentPostprocessing = 0;
		};
/* End PBXResourcesBuildPhase section */

/* Begin PBXShellScriptBuildPhase section */
		07879A66EF55D4D782DA3541 /* [CP] Embed Pods Frameworks */ = {
			isa = PBXShellScriptBuildPhase;
			buildActionMask = 2147483647;
			files = (
			);
			inputPaths = (
				"${SRCROOT}/Pods/Target Support Files/Pods-CommonPod-DemoApp/Pods-CommonPod-DemoApp-frameworks.sh",
				"${BUILT_PRODUCTS_DIR}/Realm/Realm.framework",
				"${BUILT_PRODUCTS_DIR}/RealmSwift/RealmSwift.framework",
			);
			name = "[CP] Embed Pods Frameworks";
			outputPaths = (
				"${TARGET_BUILD_DIR}/${FRAMEWORKS_FOLDER_PATH}/Realm.framework",
				"${TARGET_BUILD_DIR}/${FRAMEWORKS_FOLDER_PATH}/RealmSwift.framework",
			);
			runOnlyForDeploymentPostprocessing = 0;
			shellPath = /bin/sh;
			shellScript = "\"${SRCROOT}/Pods/Target Support Files/Pods-CommonPod-DemoApp/Pods-CommonPod-DemoApp-frameworks.sh\"\n";
			showEnvVarsInLog = 0;
		};
		FE9B90159D35C24347753052 /* [CP] Check Pods Manifest.lock */ = {
			isa = PBXShellScriptBuildPhase;
			buildActionMask = 2147483647;
			files = (
			);
			inputPaths = (
				"${PODS_PODFILE_DIR_PATH}/Podfile.lock",
				"${PODS_ROOT}/Manifest.lock",
			);
			name = "[CP] Check Pods Manifest.lock";
			outputPaths = (
				"$(DERIVED_FILE_DIR)/Pods-CommonPod-DemoApp-checkManifestLockResult.txt",
			);
			runOnlyForDeploymentPostprocessing = 0;
			shellPath = /bin/sh;
			shellScript = "diff \"${PODS_PODFILE_DIR_PATH}/Podfile.lock\" \"${PODS_ROOT}/Manifest.lock\" > /dev/null\nif [ $? != 0 ] ; then\n    # print error to STDERR\n    echo \"error: The sandbox is not in sync with the Podfile.lock. Run 'pod install' or update your CocoaPods installation.\" >&2\n    exit 1\nfi\n# This output is used by Xcode 'outputs' to avoid re-running this script phase.\necho \"SUCCESS\" > \"${SCRIPT_OUTPUT_FILE_0}\"\n";
			showEnvVarsInLog = 0;
		};
/* End PBXShellScriptBuildPhase section */

/* Begin PBXSourcesBuildPhase section */
		2B40971D21DC96F100352D78 /* Sources */ = {
			isa = PBXSourcesBuildPhase;
			buildActionMask = 2147483647;
			files = (
				2B40972521DC96F100352D78 /* AppDelegate.swift in Sources */,
				2B40974221DC9D1800352D78 /* BaseViewController.swift in Sources */,
				2B40974021DC9CCE00352D78 /* LoginViewController.swift in Sources */,
				2B40973821DC983A00352D78 /* GradientView.swift in Sources */,
			);
			runOnlyForDeploymentPostprocessing = 0;
		};
/* End PBXSourcesBuildPhase section */

/* Begin PBXVariantGroup section */
		2B40972821DC96F100352D78 /* Main.storyboard */ = {
			isa = PBXVariantGroup;
			children = (
				2B40972921DC96F100352D78 /* Base */,
			);
			name = Main.storyboard;
			sourceTree = "<group>";
		};
		2B40972D21DC96F300352D78 /* LaunchScreen.storyboard */ = {
			isa = PBXVariantGroup;
			children = (
				2B40972E21DC96F300352D78 /* Base */,
			);
			name = LaunchScreen.storyboard;
			sourceTree = "<group>";
		};
/* End PBXVariantGroup section */

/* Begin XCBuildConfiguration section */
		2B40973121DC96F300352D78 /* Debug */ = {
			isa = XCBuildConfiguration;
			buildSettings = {
				ALWAYS_SEARCH_USER_PATHS = NO;
				CLANG_ANALYZER_NONNULL = YES;
				CLANG_ANALYZER_NUMBER_OBJECT_CONVERSION = YES_AGGRESSIVE;
				CLANG_CXX_LANGUAGE_STANDARD = "gnu++14";
				CLANG_CXX_LIBRARY = "libc++";
				CLANG_ENABLE_MODULES = YES;
				CLANG_ENABLE_OBJC_ARC = YES;
				CLANG_ENABLE_OBJC_WEAK = YES;
				CLANG_WARN_BLOCK_CAPTURE_AUTORELEASING = YES;
				CLANG_WARN_BOOL_CONVERSION = YES;
				CLANG_WARN_COMMA = YES;
				CLANG_WARN_CONSTANT_CONVERSION = YES;
				CLANG_WARN_DEPRECATED_OBJC_IMPLEMENTATIONS = YES;
				CLANG_WARN_DIRECT_OBJC_ISA_USAGE = YES_ERROR;
				CLANG_WARN_DOCUMENTATION_COMMENTS = YES;
				CLANG_WARN_EMPTY_BODY = YES;
				CLANG_WARN_ENUM_CONVERSION = YES;
				CLANG_WARN_INFINITE_RECURSION = YES;
				CLANG_WARN_INT_CONVERSION = YES;
				CLANG_WARN_NON_LITERAL_NULL_CONVERSION = YES;
				CLANG_WARN_OBJC_IMPLICIT_RETAIN_SELF = YES;
				CLANG_WARN_OBJC_LITERAL_CONVERSION = YES;
				CLANG_WARN_OBJC_ROOT_CLASS = YES_ERROR;
				CLANG_WARN_RANGE_LOOP_ANALYSIS = YES;
				CLANG_WARN_STRICT_PROTOTYPES = YES;
				CLANG_WARN_SUSPICIOUS_MOVE = YES;
				CLANG_WARN_UNGUARDED_AVAILABILITY = YES_AGGRESSIVE;
				CLANG_WARN_UNREACHABLE_CODE = YES;
				CLANG_WARN__DUPLICATE_METHOD_MATCH = YES;
				CODE_SIGN_IDENTITY = "iPhone Developer";
				COPY_PHASE_STRIP = NO;
				DEBUG_INFORMATION_FORMAT = dwarf;
				ENABLE_STRICT_OBJC_MSGSEND = YES;
				ENABLE_TESTABILITY = YES;
				GCC_C_LANGUAGE_STANDARD = gnu11;
				GCC_DYNAMIC_NO_PIC = NO;
				GCC_NO_COMMON_BLOCKS = YES;
				GCC_OPTIMIZATION_LEVEL = 0;
				GCC_PREPROCESSOR_DEFINITIONS = (
					"DEBUG=1",
					"$(inherited)",
				);
				GCC_WARN_64_TO_32_BIT_CONVERSION = YES;
				GCC_WARN_ABOUT_RETURN_TYPE = YES_ERROR;
				GCC_WARN_UNDECLARED_SELECTOR = YES;
				GCC_WARN_UNINITIALIZED_AUTOS = YES_AGGRESSIVE;
				GCC_WARN_UNUSED_FUNCTION = YES;
				GCC_WARN_UNUSED_VARIABLE = YES;
				IPHONEOS_DEPLOYMENT_TARGET = 9.0;
				MTL_ENABLE_DEBUG_INFO = INCLUDE_SOURCE;
				MTL_FAST_MATH = YES;
				ONLY_ACTIVE_ARCH = YES;
				SDKROOT = iphoneos;
				SWIFT_ACTIVE_COMPILATION_CONDITIONS = DEBUG;
				SWIFT_OPTIMIZATION_LEVEL = "-Onone";
			};
			name = Debug;
		};
		2B40973221DC96F400352D78 /* Release */ = {
			isa = XCBuildConfiguration;
			buildSettings = {
				ALWAYS_SEARCH_USER_PATHS = NO;
				CLANG_ANALYZER_NONNULL = YES;
				CLANG_ANALYZER_NUMBER_OBJECT_CONVERSION = YES_AGGRESSIVE;
				CLANG_CXX_LANGUAGE_STANDARD = "gnu++14";
				CLANG_CXX_LIBRARY = "libc++";
				CLANG_ENABLE_MODULES = YES;
				CLANG_ENABLE_OBJC_ARC = YES;
				CLANG_ENABLE_OBJC_WEAK = YES;
				CLANG_WARN_BLOCK_CAPTURE_AUTORELEASING = YES;
				CLANG_WARN_BOOL_CONVERSION = YES;
				CLANG_WARN_COMMA = YES;
				CLANG_WARN_CONSTANT_CONVERSION = YES;
				CLANG_WARN_DEPRECATED_OBJC_IMPLEMENTATIONS = YES;
				CLANG_WARN_DIRECT_OBJC_ISA_USAGE = YES_ERROR;
				CLANG_WARN_DOCUMENTATION_COMMENTS = YES;
				CLANG_WARN_EMPTY_BODY = YES;
				CLANG_WARN_ENUM_CONVERSION = YES;
				CLANG_WARN_INFINITE_RECURSION = YES;
				CLANG_WARN_INT_CONVERSION = YES;
				CLANG_WARN_NON_LITERAL_NULL_CONVERSION = YES;
				CLANG_WARN_OBJC_IMPLICIT_RETAIN_SELF = YES;
				CLANG_WARN_OBJC_LITERAL_CONVERSION = YES;
				CLANG_WARN_OBJC_ROOT_CLASS = YES_ERROR;
				CLANG_WARN_RANGE_LOOP_ANALYSIS = YES;
				CLANG_WARN_STRICT_PROTOTYPES = YES;
				CLANG_WARN_SUSPICIOUS_MOVE = YES;
				CLANG_WARN_UNGUARDED_AVAILABILITY = YES_AGGRESSIVE;
				CLANG_WARN_UNREACHABLE_CODE = YES;
				CLANG_WARN__DUPLICATE_METHOD_MATCH = YES;
				CODE_SIGN_IDENTITY = "iPhone Developer";
				COPY_PHASE_STRIP = NO;
				DEBUG_INFORMATION_FORMAT = "dwarf-with-dsym";
				ENABLE_NS_ASSERTIONS = NO;
				ENABLE_STRICT_OBJC_MSGSEND = YES;
				GCC_C_LANGUAGE_STANDARD = gnu11;
				GCC_NO_COMMON_BLOCKS = YES;
				GCC_WARN_64_TO_32_BIT_CONVERSION = YES;
				GCC_WARN_ABOUT_RETURN_TYPE = YES_ERROR;
				GCC_WARN_UNDECLARED_SELECTOR = YES;
				GCC_WARN_UNINITIALIZED_AUTOS = YES_AGGRESSIVE;
				GCC_WARN_UNUSED_FUNCTION = YES;
				GCC_WARN_UNUSED_VARIABLE = YES;
				IPHONEOS_DEPLOYMENT_TARGET = 9.0;
				MTL_ENABLE_DEBUG_INFO = NO;
				MTL_FAST_MATH = YES;
				SDKROOT = iphoneos;
				SWIFT_COMPILATION_MODE = wholemodule;
				SWIFT_OPTIMIZATION_LEVEL = "-O";
				VALIDATE_PRODUCT = YES;
			};
			name = Release;
		};
		2B40973421DC96F400352D78 /* Debug */ = {
			isa = XCBuildConfiguration;
			baseConfigurationReference = A7F523E7A21876C75465BC10 /* Pods-CommonPod-DemoApp.debug.xcconfig */;
			buildSettings = {
				ASSETCATALOG_COMPILER_APPICON_NAME = AppIcon;
				CODE_SIGN_STYLE = Automatic;
				DEVELOPMENT_TEAM = 7J3EXH6427;
				INFOPLIST_FILE = DemoApp/Info.plist;
				LD_RUNPATH_SEARCH_PATHS = (
					"$(inherited)",
					"@executable_path/Frameworks",
				);
				PRODUCT_BUNDLE_IDENTIFIER = com.demo.DemoApp;
				PRODUCT_NAME = "$(TARGET_NAME)";
				SWIFT_VERSION = 4.2;
				TARGETED_DEVICE_FAMILY = "1,2";
			};
			name = Debug;
		};
		2B40973521DC96F400352D78 /* Release */ = {
			isa = XCBuildConfiguration;
			baseConfigurationReference = AB8E9BEDB154CFC8FB88AFFC /* Pods-CommonPod-DemoApp.release.xcconfig */;
			buildSettings = {
				ASSETCATALOG_COMPILER_APPICON_NAME = AppIcon;
				CODE_SIGN_STYLE = Automatic;
				DEVELOPMENT_TEAM = 7J3EXH6427;
				INFOPLIST_FILE = DemoApp/Info.plist;
				LD_RUNPATH_SEARCH_PATHS = (
					"$(inherited)",
					"@executable_path/Frameworks",
				);
				PRODUCT_BUNDLE_IDENTIFIER = com.demo.DemoApp;
				PRODUCT_NAME = "$(TARGET_NAME)";
				SWIFT_VERSION = 4.2;
				TARGETED_DEVICE_FAMILY = "1,2";
			};
			name = Release;
		};
/* End XCBuildConfiguration section */

/* Begin XCConfigurationList section */
		2B40971C21DC96F100352D78 /* Build configuration list for PBXProject "DemoApp" */ = {
			isa = XCConfigurationList;
			buildConfigurations = (
				2B40973121DC96F300352D78 /* Debug */,
				2B40973221DC96F400352D78 /* Release */,
			);
			defaultConfigurationIsVisible = 0;
			defaultConfigurationName = Release;
		};
		2B40973321DC96F400352D78 /* Build configuration list for PBXNativeTarget "DemoApp" */ = {
			isa = XCConfigurationList;
			buildConfigurations = (
				2B40973421DC96F400352D78 /* Debug */,
				2B40973521DC96F400352D78 /* Release */,
			);
			defaultConfigurationIsVisible = 0;
			defaultConfigurationName = Release;
		};
/* End XCConfigurationList section */
	};
	rootObject = 2B40971921DC96F100352D78 /* Project object */;
}
